version = 1
revision = 3
requires-python = ">=3.13"

[[package]]
name = "boto3"
version = "1.40.33"
source = { registry = "https://pypi.org/simple" }
dependencies = [
    { name = "botocore" },
    { name = "jmespath" },
    { name = "s3transfer" },
]
sdist = { url = "https://files.pythonhosted.org/packages/33/c9/8319d3b15c6758537d0ce705e78b5447b71305a86c609e20800b05b1918a/boto3-1.40.33.tar.gz", hash = "sha256:b9548f4cfb44dc9fb7f09741c7dce34350d4a9f904ff0f7f97d699d0586f6b9a", size = 111565, upload-time = "2025-09-17T19:36:56.075Z" }
wheels = [
    { url = "https://files.pythonhosted.org/packages/f5/63/aa401c06b37a271e8d8ac7bc24ed7b73a74842502d8afe6ca02748972b2b/boto3-1.40.33-py3-none-any.whl", hash = "sha256:dc8a37b25f43d458d830a5988283f0a5ac38a47dd2c46cccc5bc40e47fda97c9", size = 139345, upload-time = "2025-09-17T19:36:54.077Z" },
]

[[package]]
name = "boto3-stubs"
version = "1.40.33"
source = { registry = "https://pypi.org/simple" }
dependencies = [
    { name = "botocore-stubs" },
    { name = "types-s3transfer" },
]
sdist = { url = "https://files.pythonhosted.org/packages/6c/9a/79689aab277396c8d3b8392a63d74e0720d36c824f94a294f8a8ac1384e9/boto3_stubs-1.40.33.tar.gz", hash = "sha256:aaebac70e09d8c962378045a3c40a37769733df21aabd34211b4cf3d5041e0bc", size = 100833, upload-time = "2025-09-17T19:47:18.388Z" }
wheels = [
    { url = "https://files.pythonhosted.org/packages/a7/9b/79402dceace5ac0f59849197ad2bcc744ff33c0fee47489cac47ef20642e/boto3_stubs-1.40.33-py3-none-any.whl", hash = "sha256:a42518ad8dca7e5cb57299255fbbd2a7707b5b741fded7d69cc2067c2d67a478", size = 69688, upload-time = "2025-09-17T19:47:10.638Z" },
]

[package.optional-dependencies]
apigateway = [
    { name = "mypy-boto3-apigateway" },
]
cloudformation = [
    { name = "mypy-boto3-cloudformation" },
]
ecr = [
    { name = "mypy-boto3-ecr" },
]
iam = [
    { name = "mypy-boto3-iam" },
]
kinesis = [
    { name = "mypy-boto3-kinesis" },
]
lambda = [
    { name = "mypy-boto3-lambda" },
]
s3 = [
    { name = "mypy-boto3-s3" },
]
schemas = [
    { name = "mypy-boto3-schemas" },
]
secretsmanager = [
    { name = "mypy-boto3-secretsmanager" },
]
signer = [
    { name = "mypy-boto3-signer" },
]
sqs = [
    { name = "mypy-boto3-sqs" },
]
stepfunctions = [
    { name = "mypy-boto3-stepfunctions" },
]
sts = [
    { name = "mypy-boto3-sts" },
]
xray = [
    { name = "mypy-boto3-xray" },
]

[[package]]
name = "botocore"
version = "1.40.33"
source = { registry = "https://pypi.org/simple" }
dependencies = [
    { name = "jmespath" },
    { name = "python-dateutil" },
    { name = "urllib3" },
]
sdist = { url = "https://files.pythonhosted.org/packages/4d/82/bbb393f794ad21112a8cf105ccdf00f5fb4e587f3511fa7c3a738da33bab/botocore-1.40.33.tar.gz", hash = "sha256:307e0cb55f4b7307bfd2090fd1c9ca14e1febece5b928144ccc0f78adfd2d864", size = 14344043, upload-time = "2025-09-17T19:36:46.165Z" }
wheels = [
    { url = "https://files.pythonhosted.org/packages/7a/3b/6ea450eb97dab358aa09b51f22d3050f5d6fef00af99fa01d87fad8897a5/botocore-1.40.33-py3-none-any.whl", hash = "sha256:b9a33758913410ca0d81f30dfd9f00c4ff22c72c38fdf679864011afc73d99fd", size = 14016447, upload-time = "2025-09-17T19:36:43.065Z" },
]

[[package]]
name = "botocore-stubs"
version = "1.40.33"
source = { registry = "https://pypi.org/simple" }
dependencies = [
    { name = "types-awscrt" },
]
sdist = { url = "https://files.pythonhosted.org/packages/ae/94/16f8e1f41feaa38f1350aa5a4c60c5724b6c8524ca0e6c28523bf5070e74/botocore_stubs-1.40.33.tar.gz", hash = "sha256:89c51ae0b28d9d79fde8c497cf908ddf872ce027d2737d4d4ba473fde9cdaa82", size = 42742, upload-time = "2025-09-17T20:25:56.388Z" }
wheels = [
    { url = "https://files.pythonhosted.org/packages/af/7b/6d8fe12a955b16094460e89ea7c4e063f131f4b3bd461b96bcd625d0c79e/botocore_stubs-1.40.33-py3-none-any.whl", hash = "sha256:ad21fee32cbdc7ad4730f29baf88424c7086bf88a745f8e43660ca3e9a7e5f89", size = 66843, upload-time = "2025-09-17T20:25:54.052Z" },
]

[[package]]
name = "click"
version = "8.2.1"
source = { registry = "https://pypi.org/simple" }
dependencies = [
    { name = "colorama", marker = "sys_platform == 'win32'" },
]
sdist = { url = "https://files.pythonhosted.org/packages/60/6c/8ca2efa64cf75a977a0d7fac081354553ebe483345c734fb6b6515d96bbc/click-8.2.1.tar.gz", hash = "sha256:27c491cc05d968d271d5a1db13e3b5a184636d9d930f148c50b038f0d0646202", size = 286342, upload-time = "2025-05-20T23:19:49.832Z" }
wheels = [
    { url = "https://files.pythonhosted.org/packages/85/32/10bb5764d90a8eee674e9dc6f4db6a0ab47c8c4d0d83c27f7c39ac415a4d/click-8.2.1-py3-none-any.whl", hash = "sha256:61a3265b914e850b85317d0b3109c7f8cd35a670f963866005d6ef1d5175a12b", size = 102215, upload-time = "2025-05-20T23:19:47.796Z" },
]

[[package]]
name = "colorama"
version = "0.4.6"
source = { registry = "https://pypi.org/simple" }
sdist = { url = "https://files.pythonhosted.org/packages/d8/53/6f443c9a4a8358a93a6792e2acffb9d9d5cb0a5cfd8802644b7b1c9a02e4/colorama-0.4.6.tar.gz", hash = "sha256:08695f5cb7ed6e0531a20572697297273c47b8cae5a63ffc6d6ed5c201be6e44", size = 27697, upload-time = "2022-10-25T02:36:22.414Z" }
wheels = [
    { url = "https://files.pythonhosted.org/packages/d1/d6/3965ed04c63042e047cb6a3e6ed1a63a35087b6a609aa3a15ed8ac56c221/colorama-0.4.6-py2.py3-none-any.whl", hash = "sha256:4f1d9991f5acc0ca119f9d443620b77f9d6b33703e51011c16baf57afb285fc6", size = 25335, upload-time = "2022-10-25T02:36:20.889Z" },
]

[[package]]
name = "infra-lib"
version = "0.0.1"
source = { editable = "." }
dependencies = [
    { name = "boto3" },
    { name = "boto3-stubs", extra = ["apigateway", "cloudformation", "ecr", "iam", "kinesis", "lambda", "s3", "schemas", "secretsmanager", "signer", "sqs", "stepfunctions", "sts", "xray"] },
    { name = "click" },
    { name = "python-dotenv" },
]

[package.metadata]
requires-dist = [
    { name = "boto3", specifier = ">=1.40.33" },
    { name = "boto3-stubs", extras = ["apigateway", "cloudformation", "ecr", "iam", "kinesis", "lambda", "s3", "schemas", "secretsmanager", "signer", "sqs", "stepfunctions", "sts", "xray"], specifier = ">=1.39.7" },
    { name = "click", specifier = ">=8.1.8" },
    { name = "python-dotenv", specifier = ">=1.1.1" },
]

[[package]]
name = "jmespath"
version = "1.0.1"
source = { registry = "https://pypi.org/simple" }
sdist = { url = "https://files.pythonhosted.org/packages/00/2a/e867e8531cf3e36b41201936b7fa7ba7b5702dbef42922193f05c8976cd6/jmespath-1.0.1.tar.gz", hash = "sha256:90261b206d6defd58fdd5e85f478bf633a2901798906be2ad389150c5c60edbe", size = 25843, upload-time = "2022-06-17T18:00:12.224Z" }
wheels = [
    { url = "https://files.pythonhosted.org/packages/31/b4/b9b800c45527aadd64d5b442f9b932b00648617eb5d63d2c7a6587b7cafc/jmespath-1.0.1-py3-none-any.whl", hash = "sha256:02e2e4cc71b5bcab88332eebf907519190dd9e6e82107fa7f83b1003a6252980", size = 20256, upload-time = "2022-06-17T18:00:10.251Z" },
]

[[package]]
name = "mypy-boto3-apigateway"
version = "1.40.0"
source = { registry = "https://pypi.org/simple" }
sdist = { url = "https://files.pythonhosted.org/packages/2b/4c/c8de2ecbafde4de3ec8fc935726fe672c11f563d37bf70d8e68df8502be6/mypy_boto3_apigateway-1.40.0.tar.gz", hash = "sha256:99f3134375d25470e34e340463f10bd71ab8b7429168fc06d8dbb43f0b1b937a", size = 45206, upload-time = "2025-07-31T19:35:45.881Z" }
wheels = [
    { url = "https://files.pythonhosted.org/packages/92/7e/54e29081194c58369f0111d848d93ca027b87e914923f5a885ebaa4b95f0/mypy_boto3_apigateway-1.40.0-py3-none-any.whl", hash = "sha256:d2e49373bb4a5df6b927aebe0d6f93a99e5c168c9748c1f52dd70ef19308e3e4", size = 51386, upload-time = "2025-07-31T19:35:44.042Z" },
]

[[package]]
name = "mypy-boto3-cloudformation"
version = "1.40.24"
source = { registry = "https://pypi.org/simple" }
sdist = { url = "https://files.pythonhosted.org/packages/07/da/a99189fa5aa30c56d7164f26a2ce34a381719003ca0c86a882a1c9d1bb81/mypy_boto3_cloudformation-1.40.24.tar.gz", hash = "sha256:e2b00afc6aab1311b258c93148eeea5b3eead94c7203e28ff9fd38e9fce28488", size = 57854, upload-time = "2025-09-04T19:24:37.756Z" }
wheels = [
    { url = "https://files.pythonhosted.org/packages/ab/f8/0f74d0a5c5a5e6cd7bfe2c74c3024ea53964e0bf808eeb71db18ed2cb665/mypy_boto3_cloudformation-1.40.24-py3-none-any.whl", hash = "sha256:dfd4f8d72005373ff9df20e779524f8ea24c1c1ba051c663f7ce855da349ee27", size = 69875, upload-time = "2025-09-04T19:24:35.644Z" },
]

[[package]]
name = "mypy-boto3-ecr"
version = "1.40.0"
source = { registry = "https://pypi.org/simple" }
sdist = { url = "https://files.pythonhosted.org/packages/61/10/076d964b9aa733ddf2e1a60e0ebd1b46afe2d9ce56eea29ee7e60f0eaabf/mypy_boto3_ecr-1.40.0.tar.gz", hash = "sha256:7733e42bc8a92ffd93bebf0343af133fd52698ffebd323d82ffde755ce28687f", size = 34328, upload-time = "2025-07-31T19:41:17.442Z" }
wheels = [
    { url = "https://files.pythonhosted.org/packages/bc/c7/d02932049bac4b7c7dc3d1b5eb9edfe1a5fa7b094449f1d2cf6abd8aaf16/mypy_boto3_ecr-1.40.0-py3-none-any.whl", hash = "sha256:d887c00f908d2cac911723b1f170d8561d8d4325c8280b0fe04fba399199cafe", size = 40250, upload-time = "2025-07-31T19:41:14.074Z" },
]

[[package]]
name = "mypy-boto3-iam"
version = "1.40.0"
source = { registry = "https://pypi.org/simple" }
sdist = { url = "https://files.pythonhosted.org/packages/69/7c/fdec1447883fb90470b7cb1917a32923583e7bcfa4b592e8f9f5871cd1a7/mypy_boto3_iam-1.40.0.tar.gz", hash = "sha256:b900ac557375428f0bbc37aa24fdd2901e2db7018ae44e0aaf99ec0f84a28d44", size = 86593, upload-time = "2025-07-31T19:43:12.695Z" }
wheels = [
    { url = "https://files.pythonhosted.org/packages/0e/b2/ab85f6812bd53d88b7508a2d6601387c9ffccdb73002730686680723f2b1/mypy_boto3_iam-1.40.0-py3-none-any.whl", hash = "sha256:46e354287c93b4f84eef2407076f56cb42e504336eaec114641b1b184808fae8", size = 91992, upload-time = "2025-07-31T19:43:10.783Z" },
]

[[package]]
name = "mypy-boto3-kinesis"
version = "1.40.0"
source = { registry = "https://pypi.org/simple" }
sdist = { url = "https://files.pythonhosted.org/packages/75/ea/b1ccfd706bc5ccccf4a88e324c2426b7fd9dabd7cf4ed07206840572713b/mypy_boto3_kinesis-1.40.0.tar.gz", hash = "sha256:4f74f715e23a8dce062b40f6a4f2ff1023cec6f41b4521f0bc15679883a7e68e", size = 22884, upload-time = "2025-07-31T19:44:28.871Z" }
wheels = [
    { url = "https://files.pythonhosted.org/packages/da/48/f3ad4872914241fbdb9f88a3191d12862188c1be1eafb3190882316c9efa/mypy_boto3_kinesis-1.40.0-py3-none-any.whl", hash = "sha256:5edd790730bdeca17c5287acbec04d8930b6adf34dc4f48854330f7092484984", size = 32743, upload-time = "2025-07-31T19:44:27.151Z" },
]

[[package]]
name = "mypy-boto3-lambda"
version = "1.40.7"
source = { registry = "https://pypi.org/simple" }
sdist = { url = "https://files.pythonhosted.org/packages/25/4f/63def7a5be630e8d39186594b01fee86f2e6dcbca3e0b0e80a3ea90bc4ae/mypy_boto3_lambda-1.40.7.tar.gz", hash = "sha256:e8bedf03a67fade5db861fe902df063064292352eed5f785f74cd0e591948db9", size = 42491, upload-time = "2025-08-11T19:30:54.805Z" }
wheels = [
    { url = "https://files.pythonhosted.org/packages/0c/ef/ab7a0fc83b8f3c39145cbce4a8bf5326e153157f0edcc939b4570e0b9f9e/mypy_boto3_lambda-1.40.7-py3-none-any.whl", hash = "sha256:398c9dd051278430168e907b6b6c2078a3a1bca3948c2bf4d47eda8d7da28573", size = 49058, upload-time = "2025-08-11T19:30:51.675Z" },
]

[[package]]
name = "mypy-boto3-s3"
version = "1.40.26"
source = { registry = "https://pypi.org/simple" }
sdist = { url = "https://files.pythonhosted.org/packages/00/b8/55d21ed9ca479df66d9892212ba7d7977850ef17aa80a83e3f11f31190fd/mypy_boto3_s3-1.40.26.tar.gz", hash = "sha256:8d2bfd1052894d0e84c9fb9358d838ba0eed0265076c7dd7f45622c770275c99", size = 75948, upload-time = "2025-09-08T20:12:21.405Z" }
wheels = [
    { url = "https://files.pythonhosted.org/packages/85/a5/dba3384423834009bdd41c7021de5c663468a0e7bc4071cb301721e52a99/mypy_boto3_s3-1.40.26-py3-none-any.whl", hash = "sha256:6d055d16ef89a0133ade92f6b4f09603e4acc31a0f5e8f846edf4eb48f17b5a7", size = 82762, upload-time = "2025-09-08T20:12:19.338Z" },
]

[[package]]
name = "mypy-boto3-schemas"
version = "1.40.19"
source = { registry = "https://pypi.org/simple" }
sdist = { url = "https://files.pythonhosted.org/packages/3f/7d/e722babaac6cc303ab317c6872cb2761d17c7a9b0852722363428a9ebad3/mypy_boto3_schemas-1.40.19.tar.gz", hash = "sha256:70d0066555d9283c5f535c7dd9c04761ad8c9551426854d510db77a5bb18a5c6", size = 20903, upload-time = "2025-08-27T19:28:08.719Z" }
wheels = [
    { url = "https://files.pythonhosted.org/packages/e1/e1/8f7f84179720a367592937a412f29e82b3e9780801dcbd71613ff3c1100d/mypy_boto3_schemas-1.40.19-py3-none-any.whl", hash = "sha256:ab912d94b2db90a2c158ee9310129484704411925bc3a501b1ed09170ff0c68e", size = 28979, upload-time = "2025-08-27T19:28:05.168Z" },
]

[[package]]
name = "mypy-boto3-secretsmanager"
version = "1.40.0"
source = { registry = "https://pypi.org/simple" }
sdist = { url = "https://files.pythonhosted.org/packages/c5/d4/046dd85e0914a924ec95449d698e1ae15e698ed880e1a95ae8bf8c8d8a1b/mypy_boto3_secretsmanager-1.40.0.tar.gz", hash = "sha256:f6509365d5d4fe3260703badcef5a1c45455ed454e5f03f3573a5023cc176644", size = 19829, upload-time = "2025-07-31T19:50:41.504Z" }
wheels = [
    { url = "https://files.pythonhosted.org/packages/96/aa/647f9acd061022a5f03791ec631fef69c186f3362d9445e3a8e1d6edf734/mypy_boto3_secretsmanager-1.40.0-py3-none-any.whl", hash = "sha256:be624629e76d929c952e80e45faabfd7b512652ce1270c7e03c3ae247738eef6", size = 26826, upload-time = "2025-07-31T19:50:39.598Z" },
]

[[package]]
name = "mypy-boto3-signer"
version = "1.40.18"
source = { registry = "https://pypi.org/simple" }
sdist = { url = "https://files.pythonhosted.org/packages/15/ff/468c5922f721534996182c371d2de147a2a0bea1387482cb8ca23588d1d6/mypy_boto3_signer-1.40.18.tar.gz", hash = "sha256:d524051ae0c353c32472266d1a390b858d3317220f930be061724ba1810ad682", size = 20694, upload-time = "2025-08-26T19:26:55.128Z" }
wheels = [
    { url = "https://files.pythonhosted.org/packages/45/39/b9acd7c04d6e8f3bef7b4730218716e8aff7457b49e7b2ee8b23074182e1/mypy_boto3_signer-1.40.18-py3-none-any.whl", hash = "sha256:839be4c6a5beb1f8a110a9dc00832fb413721a943ab995dad75ee38d6f036ef1", size = 29032, upload-time = "2025-08-26T19:26:52.303Z" },
]

[[package]]
name = "mypy-boto3-sqs"
version = "1.40.17"
source = { registry = "https://pypi.org/simple" }
sdist = { url = "https://files.pythonhosted.org/packages/58/37/3bc3a1fd8e9a83e0a2701653312b2dfae302212273d4dddf6db7c3ddc0b6/mypy_boto3_sqs-1.40.17.tar.gz", hash = "sha256:04de818a43258795c84a093d41d3191c8d89446e8c43fea774f453b8124a7d56", size = 23600, upload-time = "2025-08-25T19:44:47.934Z" }
wheels = [
    { url = "https://files.pythonhosted.org/packages/dc/98/3bd74213083ece76b0fa8875967dcfadfaa0e424a6e60cdd81150142e81b/mypy_boto3_sqs-1.40.17-py3-none-any.whl", hash = "sha256:f0361de7cec1b82a580d1b02e8135f64006f727b76b324d35c52491dd45f3a32", size = 33805, upload-time = "2025-08-25T19:44:46.009Z" },
]

[[package]]
name = "mypy-boto3-stepfunctions"
version = "1.40.0"
source = { registry = "https://pypi.org/simple" }
sdist = { url = "https://files.pythonhosted.org/packages/f8/57/34d2d380862cf8c130981edb8d4c185ef4da256b5b0d7a28a29926009b51/mypy_boto3_stepfunctions-1.40.0.tar.gz", hash = "sha256:b7ee316136d32e45d1a03cad78109596349bdefd8ffec04b2c4526a509ba53cd", size = 31073, upload-time = "2025-07-31T19:52:18.829Z" }
wheels = [
    { url = "https://files.pythonhosted.org/packages/b3/b4/5787acff0654003bdc31bf7578c87949efc6e0b57c367dc52c1cb5eeb747/mypy_boto3_stepfunctions-1.40.0-py3-none-any.whl", hash = "sha256:bcbf4b7db172adcf41afa521f2bfb0ca5f1ee666f46024ec0a127e53f5ff9f92", size = 35873, upload-time = "2025-07-31T19:52:16.102Z" },
]

[[package]]
name = "mypy-boto3-sts"
version = "1.40.0"
source = { registry = "https://pypi.org/simple" }
sdist = { url = "https://files.pythonhosted.org/packages/39/32/8dce999ed05c797000ce70287f3e82025a98514781c303c7f8fe42f7b327/mypy_boto3_sts-1.40.0.tar.gz", hash = "sha256:eb55e50960ae6194d09488464c302196392df712a6a5f4308b6a0e24244cfd5c", size = 16577, upload-time = "2025-07-31T19:52:23.924Z" }
wheels = [
    { url = "https://files.pythonhosted.org/packages/78/f8/38dae2983d72ea4fff75b235d42d3b1ecad407e0136f4951bfd9016ecaea/mypy_boto3_sts-1.40.0-py3-none-any.whl", hash = "sha256:fff731694cab2474bf7e7d3344b049b4ac0272d76b72fc4f7e4ae543ead8a5e6", size = 20192, upload-time = "2025-07-31T19:52:21.353Z" },
]

[[package]]
name = "mypy-boto3-xray"
version = "1.40.21"
source = { registry = "https://pypi.org/simple" }
sdist = { url = "https://files.pythonhosted.org/packages/0f/91/e5148d00d65411f71c4bd1fa6410cf5f60fe0016e2d6a9b214c5cd9589e9/mypy_boto3_xray-1.40.21.tar.gz", hash = "sha256:bd880ac900e3f36dd6f45019493ec7de1c4201da9e50cd934526834cb30e6eab", size = 32255, upload-time = "2025-08-29T19:25:11.319Z" }
wheels = [
    { url = "https://files.pythonhosted.org/packages/73/6a/2f0633b82d2c79f668c3734523a9579d23615cd88b3cfb9473538cff987e/mypy_boto3_xray-1.40.21-py3-none-any.whl", hash = "sha256:a537d6cd67c2c585722c10639f020fe5795e6708de0cc090fcac26c07e1bf06b", size = 37073, upload-time = "2025-08-29T19:25:04.045Z" },
]

[[package]]
name = "python-dateutil"
version = "2.9.0.post0"
source = { registry = "https://pypi.org/simple" }
dependencies = [
    { name = "six" },
]
sdist = { url = "https://files.pythonhosted.org/packages/66/c0/0c8b6ad9f17a802ee498c46e004a0eb49bc148f2fd230864601a86dcf6db/python-dateutil-2.9.0.post0.tar.gz", hash = "sha256:37dd54208da7e1cd875388217d5e00ebd4179249f90fb72437e91a35459a0ad3", size = 342432, upload-time = "2024-03-01T18:36:20.211Z" }
wheels = [
    { url = "https://files.pythonhosted.org/packages/ec/57/56b9bcc3c9c6a792fcbaf139543cee77261f3651ca9da0c93f5c1221264b/python_dateutil-2.9.0.post0-py2.py3-none-any.whl", hash = "sha256:a8b2bc7bffae282281c8140a97d3aa9c14da0b136dfe83f850eea9a5f7470427", size = 229892, upload-time = "2024-03-01T18:36:18.57Z" },
]

[[package]]
name = "python-dotenv"
version = "1.1.1"
source = { registry = "https://pypi.org/simple" }
sdist = { url = "https://files.pythonhosted.org/packages/f6/b0/4bc07ccd3572a2f9df7e6782f52b0c6c90dcbb803ac4a167702d7d0dfe1e/python_dotenv-1.1.1.tar.gz", hash = "sha256:a8a6399716257f45be6a007360200409fce5cda2661e3dec71d23dc15f6189ab", size = 41978, upload-time = "2025-06-24T04:21:07.341Z" }
wheels = [
    { url = "https://files.pythonhosted.org/packages/5f/ed/539768cf28c661b5b068d66d96a2f155c4971a5d55684a514c1a0e0dec2f/python_dotenv-1.1.1-py3-none-any.whl", hash = "sha256:31f23644fe2602f88ff55e1f5c79ba497e01224ee7737937930c448e4d0e24dc", size = 20556, upload-time = "2025-06-24T04:21:06.073Z" },
]

[[package]]
name = "s3transfer"
version = "0.14.0"
source = { registry = "https://pypi.org/simple" }
dependencies = [
    { name = "botocore" },
]
sdist = { url = "https://files.pythonhosted.org/packages/62/74/8d69dcb7a9efe8baa2046891735e5dfe433ad558ae23d9e3c14c633d1d58/s3transfer-0.14.0.tar.gz", hash = "sha256:eff12264e7c8b4985074ccce27a3b38a485bb7f7422cc8046fee9be4983e4125", size = 151547, upload-time = "2025-09-09T19:23:31.089Z" }
wheels = [
    { url = "https://files.pythonhosted.org/packages/48/f0/ae7ca09223a81a1d890b2557186ea015f6e0502e9b8cb8e1813f1d8cfa4e/s3transfer-0.14.0-py3-none-any.whl", hash = "sha256:ea3b790c7077558ed1f02a3072fb3cb992bbbd253392f4b6e9e8976941c7d456", size = 85712, upload-time = "2025-09-09T19:23:30.041Z" },
]

[[package]]
name = "six"
version = "1.17.0"
source = { registry = "https://pypi.org/simple" }
sdist = { url = "https://files.pythonhosted.org/packages/94/e7/b2c673351809dca68a0e064b6af791aa332cf192da575fd474ed7d6f16a2/six-1.17.0.tar.gz", hash = "sha256:ff70335d468e7eb6ec65b95b99d3a2836546063f63acc5171de367e834932a81", size = 34031, upload-time = "2024-12-04T17:35:28.174Z" }
wheels = [
    { url = "https://files.pythonhosted.org/packages/b7/ce/149a00dd41f10bc29e5921b496af8b574d8413afcd5e30dfa0ed46c2cc5e/six-1.17.0-py2.py3-none-any.whl", hash = "sha256:4721f391ed90541fddacab5acf947aa0d3dc7d27b2e1e8eda2be8970586c3274", size = 11050, upload-time = "2024-12-04T17:35:26.475Z" },
]

[[package]]
name = "types-awscrt"
version = "0.27.6"
source = { registry = "https://pypi.org/simple" }
sdist = { url = "https://files.pythonhosted.org/packages/56/ce/5d84526a39f44c420ce61b16654193f8437d74b54f21597ea2ac65d89954/types_awscrt-0.27.6.tar.gz", hash = "sha256:9d3f1865a93b8b2c32f137514ac88cb048b5bc438739945ba19d972698995bfb", size = 16937, upload-time = "2025-08-13T01:54:54.659Z" }
wheels = [
    { url = "https://files.pythonhosted.org/packages/ac/af/e3d20e3e81d235b3964846adf46a334645a8a9b25a0d3d472743eb079552/types_awscrt-0.27.6-py3-none-any.whl", hash = "sha256:18aced46da00a57f02eb97637a32e5894dc5aa3dc6a905ba3e5ed85b9f3c526b", size = 39626, upload-time = "2025-08-13T01:54:53.454Z" },
]

[[package]]
name = "types-s3transfer"
version = "0.13.1"
source = { registry = "https://pypi.org/simple" }
sdist = { url = "https://files.pythonhosted.org/packages/a5/c5/23946fac96c9dd5815ec97afd1c8ad6d22efa76c04a79a4823f2f67692a5/types_s3transfer-0.13.1.tar.gz", hash = "sha256:ce488d79fdd7d3b9d39071939121eca814ec65de3aa36bdce1f9189c0a61cc80", size = 14181, upload-time = "2025-08-31T16:57:06.93Z" }
wheels = [
    { url = "https://files.pythonhosted.org/packages/8e/dc/b3f9b5c93eed6ffe768f4972661250584d5e4f248b548029026964373bcd/types_s3transfer-0.13.1-py3-none-any.whl", hash = "sha256:4ff730e464a3fd3785b5541f0f555c1bd02ad408cf82b6b7a95429f6b0d26b4a", size = 19617, upload-time = "2025-08-31T16:57:05.73Z" },
]

[[package]]
name = "urllib3"
version = "2.5.0"
source = { registry = "https://pypi.org/simple" }
sdist = { url = "https://files.pythonhosted.org/packages/15/22/9ee70a2574a4f4599c47dd506532914ce044817c7752a79b6a51286319bc/urllib3-2.5.0.tar.gz", hash = "sha256:3fc47733c7e419d4bc3f6b3dc2b4f890bb743906a30d56ba4a5bfa4bbff92760", size = 393185, upload-time = "2025-06-18T14:07:41.644Z" }
wheels = [
    { url = "https://files.pythonhosted.org/packages/a7/c2/fe1e52489ae3122415c51f387e221dd0773709bad6c6cdaa599e8a2c5185/urllib3-2.5.0-py3-none-any.whl", hash = "sha256:e6b01673c0fa6a13e374b50871808eb3bf7046c4b125b216f6bf1cc604cff0dc", size = 129795, upload-time = "2025-06-18T14:07:40.39Z" },
]
